
Microsoft Visual Studio Solution File, Format Version 12.00
# Visual Studio 15
VisualStudioVersion = 15.0.27130.2036
MinimumVisualStudioVersion = 10.0.40219.1
Project("{FAE04EC0-301F-11D3-BF4B-00C04F79EFBC}") = "eSportsTracker", "eSportsTracker\eSportsTracker.csproj", "{9FFA70C2-6C7F-475F-9CA3-F8EC0813296C}"
EndProject
Global
	GlobalSection(SolutionConfigurationPlatforms) = preSolution
		Debug|Any CPU = Debug|Any CPU
		Release|Any CPU = Release|Any CPU
	EndGlobalSection
	GlobalSection(ProjectConfigurationPlatforms) = postSolution
		{9FFA70C2-6C7F-475F-9CA3-F8EC0813296C}.Debug|Any CPU.ActiveCfg = Debug|Any CPU
		{9FFA70C2-6C7F-475F-9CA3-F8EC0813296C}.Debug|Any CPU.Build.0 = Debug|Any CPU
		{9FFA70C2-6C7F-475F-9CA3-F8EC0813296C}.Release|Any CPU.ActiveCfg = Release|Any CPU
		{9FFA70C2-6C7F-475F-9CA3-F8EC0813296C}.Release|Any CPU.Build.0 = Release|Any CPU
	EndGlobalSection
	GlobalSection(SolutionProperties) = preSolution
		HideSolutionNode = FALSE
	EndGlobalSection
	GlobalSection(ExtensibilityGlobals) = postSolution
		SolutionGuid = {06BDDBF3-2641-4F14-B654-B18C420CFCD5}
	EndGlobalSection
EndGlobal
